{
  "version": "5",
  "specifiers": {
    "jsr:@ayk/lint-import-order@0.1.0": "0.1.0",
    "jsr:@hugoalh/deno-lint-rules@0.8.3": "0.8.3",
    "jsr:@hugoalh/is-string-ascii@^1.1.5": "1.1.5",
    "npm:@lit/context@^1.1.0": "1.1.6",
    "npm:lit@^3.2.0": "3.3.2"
  },
  "jsr": {
    "@ayk/lint-import-order@0.1.0": {
      "integrity": "be312f8269525055394118ac89d5a12dbb0bdc4a94d0ced4994b1823cc41c393"
    },
    "@hugoalh/deno-lint-rules@0.8.3": {
      "integrity": "5d9c4a37b472b270981a381c36d665db754de2cf82b5103ae5f5afff39d8644a",
      "dependencies": [
        "jsr:@hugoalh/is-string-ascii"
      ]
    },
    "@hugoalh/is-string-ascii@1.1.5": {
      "integrity": "bc7a54e884538f33d767a1e371c0b7d1fc83698dd4cca8cfa676411bc74f459f"
    }
  },
  "npm": {
    "@lit-labs/ssr-dom-shim@1.5.1": {
      "integrity": "sha512-Aou5UdlSpr5whQe8AA/bZG0jMj96CoJIWbGfZ91qieWu5AWUMKw8VR/pAkQkJYvBNhmCcWnZlyyk5oze8JIqYA=="
    },
    "@lit/context@1.1.6": {
      "integrity": "sha512-M26qDE6UkQbZA2mQ3RjJ3Gzd8TxP+/0obMgE5HfkfLhEEyYE3Bui4A5XHiGPjy0MUGAyxB3QgVuw2ciS0kHn6A==",
      "dependencies": [
        "@lit/reactive-element"
      ]
    },
    "@lit/reactive-element@2.1.2": {
      "integrity": "sha512-pbCDiVMnne1lYUIaYNN5wrwQXDtHaYtg7YEFPeW+hws6U47WeFvISGUWekPGKWOP1ygrs0ef0o1VJMk1exos5A==",
      "dependencies": [
        "@lit-labs/ssr-dom-shim"
      ]
    },
    "@types/trusted-types@2.0.7": {
      "integrity": "sha512-ScaPdn1dQczgbl0QFTeTOmVHFULt394XJgOQNoyVhZ6r2vLnMLJfBPd53SB52T/3G36VI1/g2MZaX0cwDuXsfw=="
    },
    "lit-element@4.2.2": {
      "integrity": "sha512-aFKhNToWxoyhkNDmWZwEva2SlQia+jfG0fjIWV//YeTaWrVnOxD89dPKfigCUspXFmjzOEUQpOkejH5Ly6sG0w==",
      "dependencies": [
        "@lit-labs/ssr-dom-shim",
        "@lit/reactive-element",
        "lit-html"
      ]
    },
    "lit-html@3.3.2": {
      "integrity": "sha512-Qy9hU88zcmaxBXcc10ZpdK7cOLXvXpRoBxERdtqV9QOrfpMZZ6pSYP91LhpPtap3sFMUiL7Tw2RImbe0Al2/kw==",
      "dependencies": [
        "@types/trusted-types"
      ]
    },
    "lit@3.3.2": {
      "integrity": "sha512-NF9zbsP79l4ao2SNrH3NkfmFgN/hBYSQo90saIVI1o5GpjAdCPVstVzO1MrLOakHoEhYkrtRjPK6Ob521aoYWQ==",
      "dependencies": [
        "@lit/reactive-element",
        "lit-element",
        "lit-html"
      ]
    }
  },
  "workspace": {
    "dependencies": [
      "npm:@lit/context@^1.1.0",
      "npm:lit@^3.2.0"
    ]
  }
}
