{
  "version": "5",
  "specifiers": {
    "jsr:@ayk/lint-import-order@0.1.0": "0.1.0",
    "jsr:@hugoalh/deno-lint-rules@0.8.3": "0.8.3",
    "jsr:@hugoalh/is-string-ascii@^1.1.5": "1.1.5",
    "npm:@awesome.me/webawesome@^3.5.0": "3.5.0_@floating-ui+utils@0.2.11_@types+react@19.2.14",
    "npm:@lit/context@^1.1.0": "1.1.6",
    "npm:lit@^3.2.0": "3.3.2"
  },
  "jsr": {
    "@ayk/lint-import-order@0.1.0": {
      "integrity": "be312f8269525055394118ac89d5a12dbb0bdc4a94d0ced4994b1823cc41c393"
    },
    "@hugoalh/deno-lint-rules@0.8.3": {
      "integrity": "5d9c4a37b472b270981a381c36d665db754de2cf82b5103ae5f5afff39d8644a",
      "dependencies": [
        "jsr:@hugoalh/is-string-ascii"
      ]
    },
    "@hugoalh/is-string-ascii@1.1.5": {
      "integrity": "bc7a54e884538f33d767a1e371c0b7d1fc83698dd4cca8cfa676411bc74f459f"
    }
  },
  "npm": {
    "@awesome.me/webawesome@3.5.0_@floating-ui+utils@0.2.11_@types+react@19.2.14": {
      "integrity": "sha512-/hJOe5vsKu9GejyTB3xFyQvvGRzXCLqdOGtBa4a+ifDNPRwzQLR3bzxcEpJsLmVfOhhem1XGbyOD9cMwefuAlA==",
      "dependencies": [
        "@ctrl/tinycolor",
        "@floating-ui/dom",
        "@lit/react",
        "@shoelace-style/animations",
        "@shoelace-style/localize",
        "composed-offset-position",
        "lit",
        "marked",
        "nanoid",
        "qr-creator"
      ]
    },
    "@ctrl/tinycolor@4.1.0": {
      "integrity": "sha512-WyOx8cJQ+FQus4Mm4uPIZA64gbk3Wxh0so5Lcii0aJifqwoVOlfFtorjLE0Hen4OYyHZMXDWqMmaQemBhgxFRQ=="
    },
    "@floating-ui/core@1.7.5": {
      "integrity": "sha512-1Ih4WTWyw0+lKyFMcBHGbb5U5FtuHJuujoyyr5zTaWS5EYMeT6Jb2AuDeftsCsEuchO+mM2ij5+q9crhydzLhQ==",
      "dependencies": [
        "@floating-ui/utils"
      ]
    },
    "@floating-ui/dom@1.7.6": {
      "integrity": "sha512-9gZSAI5XM36880PPMm//9dfiEngYoC6Am2izES1FF406YFsjvyBMmeJ2g4SAju3xWwtuynNRFL2s9hgxpLI5SQ==",
      "dependencies": [
        "@floating-ui/core",
        "@floating-ui/utils"
      ]
    },
    "@floating-ui/utils@0.2.11": {
      "integrity": "sha512-RiB/yIh78pcIxl6lLMG0CgBXAZ2Y0eVHqMPYugu+9U0AeT6YBeiJpf7lbdJNIugFP5SIjwNRgo4DhR1Qxi26Gg=="
    },
    "@lit-labs/ssr-dom-shim@1.5.1": {
      "integrity": "sha512-Aou5UdlSpr5whQe8AA/bZG0jMj96CoJIWbGfZ91qieWu5AWUMKw8VR/pAkQkJYvBNhmCcWnZlyyk5oze8JIqYA=="
    },
    "@lit/context@1.1.6": {
      "integrity": "sha512-M26qDE6UkQbZA2mQ3RjJ3Gzd8TxP+/0obMgE5HfkfLhEEyYE3Bui4A5XHiGPjy0MUGAyxB3QgVuw2ciS0kHn6A==",
      "dependencies": [
        "@lit/reactive-element"
      ]
    },
    "@lit/react@1.0.8_@types+react@19.2.14": {
      "integrity": "sha512-p2+YcF+JE67SRX3mMlJ1TKCSTsgyOVdAwd/nxp3NuV1+Cb6MWALbN6nT7Ld4tpmYofcE5kcaSY1YBB9erY+6fw==",
      "dependencies": [
        "@types/react"
      ]
    },
    "@lit/reactive-element@2.1.2": {
      "integrity": "sha512-pbCDiVMnne1lYUIaYNN5wrwQXDtHaYtg7YEFPeW+hws6U47WeFvISGUWekPGKWOP1ygrs0ef0o1VJMk1exos5A==",
      "dependencies": [
        "@lit-labs/ssr-dom-shim"
      ]
    },
    "@shoelace-style/animations@1.2.0": {
      "integrity": "sha512-avvo1xxkLbv2dgtabdewBbqcJfV0e0zCwFqkPMnHFGbJbBHorRFfMAHh1NG9ymmXn0jW95ibUVH03E1NYXD6Gw=="
    },
    "@shoelace-style/localize@3.2.1": {
      "integrity": "sha512-r4C9C/5kSfMBIr0D9imvpRdCNXtUNgyYThc4YlS6K5Hchv1UyxNQ9mxwj+BTRH2i1Neits260sR3OjKMnplsFA=="
    },
    "@types/react@19.2.14": {
      "integrity": "sha512-ilcTH/UniCkMdtexkoCN0bI7pMcJDvmQFPvuPvmEaYA/NSfFTAgdUSLAoVjaRJm7+6PvcM+q1zYOwS4wTYMF9w==",
      "dependencies": [
        "csstype"
      ]
    },
    "@types/trusted-types@2.0.7": {
      "integrity": "sha512-ScaPdn1dQczgbl0QFTeTOmVHFULt394XJgOQNoyVhZ6r2vLnMLJfBPd53SB52T/3G36VI1/g2MZaX0cwDuXsfw=="
    },
    "composed-offset-position@0.0.6_@floating-ui+utils@0.2.11": {
      "integrity": "sha512-Q7dLompI6lUwd7LWyIcP66r4WcS9u7AL2h8HaeipiRfCRPLMWqRx8fYsjb4OHi6UQFifO7XtNC2IlEJ1ozIFxw==",
      "dependencies": [
        "@floating-ui/utils"
      ]
    },
    "csstype@3.2.3": {
      "integrity": "sha512-z1HGKcYy2xA8AGQfwrn0PAy+PB7X/GSj3UVJW9qKyn43xWa+gl5nXmU4qqLMRzWVLFC8KusUX8T/0kCiOYpAIQ=="
    },
    "lit-element@4.2.2": {
      "integrity": "sha512-aFKhNToWxoyhkNDmWZwEva2SlQia+jfG0fjIWV//YeTaWrVnOxD89dPKfigCUspXFmjzOEUQpOkejH5Ly6sG0w==",
      "dependencies": [
        "@lit-labs/ssr-dom-shim",
        "@lit/reactive-element",
        "lit-html"
      ]
    },
    "lit-html@3.3.2": {
      "integrity": "sha512-Qy9hU88zcmaxBXcc10ZpdK7cOLXvXpRoBxERdtqV9QOrfpMZZ6pSYP91LhpPtap3sFMUiL7Tw2RImbe0Al2/kw==",
      "dependencies": [
        "@types/trusted-types"
      ]
    },
    "lit@3.3.2": {
      "integrity": "sha512-NF9zbsP79l4ao2SNrH3NkfmFgN/hBYSQo90saIVI1o5GpjAdCPVstVzO1MrLOakHoEhYkrtRjPK6Ob521aoYWQ==",
      "dependencies": [
        "@lit/reactive-element",
        "lit-element",
        "lit-html"
      ]
    },
    "marked@11.2.0": {
      "integrity": "sha512-HR0m3bvu0jAPYiIvLUUQtdg1g6D247//lvcekpHO1WMvbwDlwSkZAX9Lw4F4YHE1T0HaaNve0tuAWuV1UJ6vtw==",
      "bin": true
    },
    "nanoid@5.1.7": {
      "integrity": "sha512-ua3NDgISf6jdwezAheMOk4mbE1LXjm1DfMUDMuJf4AqxLFK3ccGpgWizwa5YV7Yz9EpXwEaWoRXSb/BnV0t5dQ==",
      "bin": true
    },
    "qr-creator@1.0.0": {
      "integrity": "sha512-C0cqfbS1P5hfqN4NhsYsUXePlk9BO+a45bAQ3xLYjBL3bOIFzoVEjs79Fado9u9BPBD3buHi3+vY+C8tHh4qMQ=="
    }
  },
  "workspace": {
    "dependencies": [
      "npm:@awesome.me/webawesome@^3.5.0",
      "npm:@lit/context@^1.1.0",
      "npm:lit@^3.2.0"
    ]
  }
}
